
Microsoft Visual Studio Solution File, Format Version 12.00
# Visual Studio Version 17
VisualStudioVersion = 17.0.31903.59
MinimumVisualStudioVersion = 10.0.40219.1
Project("{FAE04EC0-301F-11D3-BF4B-00C04F79EFBC}") = "Exercise01", "Exercise01\Exercise01.csproj", "{14188E4A-D61B-40BD-9FB0-157B2F94315F}"
EndProject
Project("{FAE04EC0-301F-11D3-BF4B-00C04F79EFBC}") = "Exercise02", "Exercise02\Exercise02.csproj", "{5ABD7673-6E3A-41A0-9AFB-38C54656BF93}"
EndProject
Project("{FAE04EC0-301F-11D3-BF4B-00C04F79EFBC}") = "TrafficLights", "TrafficLight\TrafficLights.csproj", "{26C4EC07-4A29-44D4-8445-E09AD96EC4B7}"
EndProject
Project("{FAE04EC0-301F-11D3-BF4B-00C04F79EFBC}") = "DocWaitRoomProg", "DocWaitRoomProg\DocWaitRoomProg.csproj", "{1616F60E-CC8D-4F32-8DE1-C52EAA73C8E2}"
EndProject
Project("{FAE04EC0-301F-11D3-BF4B-00C04F79EFBC}") = "CarAndPredicates", "CarAndPredicates\CarAndPredicates.csproj", "{32C82DE4-5BB4-4998-818F-1E7A36DDC876}"
EndProject
Global
	GlobalSection(SolutionConfigurationPlatforms) = preSolution
		Debug|Any CPU = Debug|Any CPU
		Debug|x64 = Debug|x64
		Debug|x86 = Debug|x86
		Release|Any CPU = Release|Any CPU
		Release|x64 = Release|x64
		Release|x86 = Release|x86
	EndGlobalSection
	GlobalSection(ProjectConfigurationPlatforms) = postSolution
		{14188E4A-D61B-40BD-9FB0-157B2F94315F}.Debug|Any CPU.ActiveCfg = Debug|Any CPU
		{14188E4A-D61B-40BD-9FB0-157B2F94315F}.Debug|Any CPU.Build.0 = Debug|Any CPU
		{14188E4A-D61B-40BD-9FB0-157B2F94315F}.Debug|x64.ActiveCfg = Debug|Any CPU
		{14188E4A-D61B-40BD-9FB0-157B2F94315F}.Debug|x64.Build.0 = Debug|Any CPU
		{14188E4A-D61B-40BD-9FB0-157B2F94315F}.Debug|x86.ActiveCfg = Debug|Any CPU
		{14188E4A-D61B-40BD-9FB0-157B2F94315F}.Debug|x86.Build.0 = Debug|Any CPU
		{14188E4A-D61B-40BD-9FB0-157B2F94315F}.Release|Any CPU.ActiveCfg = Release|Any CPU
		{14188E4A-D61B-40BD-9FB0-157B2F94315F}.Release|Any CPU.Build.0 = Release|Any CPU
		{14188E4A-D61B-40BD-9FB0-157B2F94315F}.Release|x64.ActiveCfg = Release|Any CPU
		{14188E4A-D61B-40BD-9FB0-157B2F94315F}.Release|x64.Build.0 = Release|Any CPU
		{14188E4A-D61B-40BD-9FB0-157B2F94315F}.Release|x86.ActiveCfg = Release|Any CPU
		{14188E4A-D61B-40BD-9FB0-157B2F94315F}.Release|x86.Build.0 = Release|Any CPU
		{5ABD7673-6E3A-41A0-9AFB-38C54656BF93}.Debug|Any CPU.ActiveCfg = Debug|Any CPU
		{5ABD7673-6E3A-41A0-9AFB-38C54656BF93}.Debug|Any CPU.Build.0 = Debug|Any CPU
		{5ABD7673-6E3A-41A0-9AFB-38C54656BF93}.Debug|x64.ActiveCfg = Debug|Any CPU
		{5ABD7673-6E3A-41A0-9AFB-38C54656BF93}.Debug|x64.Build.0 = Debug|Any CPU
		{5ABD7673-6E3A-41A0-9AFB-38C54656BF93}.Debug|x86.ActiveCfg = Debug|Any CPU
		{5ABD7673-6E3A-41A0-9AFB-38C54656BF93}.Debug|x86.Build.0 = Debug|Any CPU
		{5ABD7673-6E3A-41A0-9AFB-38C54656BF93}.Release|Any CPU.ActiveCfg = Release|Any CPU
		{5ABD7673-6E3A-41A0-9AFB-38C54656BF93}.Release|Any CPU.Build.0 = Release|Any CPU
		{5ABD7673-6E3A-41A0-9AFB-38C54656BF93}.Release|x64.ActiveCfg = Release|Any CPU
		{5ABD7673-6E3A-41A0-9AFB-38C54656BF93}.Release|x64.Build.0 = Release|Any CPU
		{5ABD7673-6E3A-41A0-9AFB-38C54656BF93}.Release|x86.ActiveCfg = Release|Any CPU
		{5ABD7673-6E3A-41A0-9AFB-38C54656BF93}.Release|x86.Build.0 = Release|Any CPU
		{26C4EC07-4A29-44D4-8445-E09AD96EC4B7}.Debug|Any CPU.ActiveCfg = Debug|Any CPU
		{26C4EC07-4A29-44D4-8445-E09AD96EC4B7}.Debug|Any CPU.Build.0 = Debug|Any CPU
		{26C4EC07-4A29-44D4-8445-E09AD96EC4B7}.Debug|x64.ActiveCfg = Debug|Any CPU
		{26C4EC07-4A29-44D4-8445-E09AD96EC4B7}.Debug|x64.Build.0 = Debug|Any CPU
		{26C4EC07-4A29-44D4-8445-E09AD96EC4B7}.Debug|x86.ActiveCfg = Debug|Any CPU
		{26C4EC07-4A29-44D4-8445-E09AD96EC4B7}.Debug|x86.Build.0 = Debug|Any CPU
		{26C4EC07-4A29-44D4-8445-E09AD96EC4B7}.Release|Any CPU.ActiveCfg = Release|Any CPU
		{26C4EC07-4A29-44D4-8445-E09AD96EC4B7}.Release|Any CPU.Build.0 = Release|Any CPU
		{26C4EC07-4A29-44D4-8445-E09AD96EC4B7}.Release|x64.ActiveCfg = Release|Any CPU
		{26C4EC07-4A29-44D4-8445-E09AD96EC4B7}.Release|x64.Build.0 = Release|Any CPU
		{26C4EC07-4A29-44D4-8445-E09AD96EC4B7}.Release|x86.ActiveCfg = Release|Any CPU
		{26C4EC07-4A29-44D4-8445-E09AD96EC4B7}.Release|x86.Build.0 = Release|Any CPU
		{1616F60E-CC8D-4F32-8DE1-C52EAA73C8E2}.Debug|Any CPU.ActiveCfg = Debug|Any CPU
		{1616F60E-CC8D-4F32-8DE1-C52EAA73C8E2}.Debug|Any CPU.Build.0 = Debug|Any CPU
		{1616F60E-CC8D-4F32-8DE1-C52EAA73C8E2}.Debug|x64.ActiveCfg = Debug|Any CPU
		{1616F60E-CC8D-4F32-8DE1-C52EAA73C8E2}.Debug|x64.Build.0 = Debug|Any CPU
		{1616F60E-CC8D-4F32-8DE1-C52EAA73C8E2}.Debug|x86.ActiveCfg = Debug|Any CPU
		{1616F60E-CC8D-4F32-8DE1-C52EAA73C8E2}.Debug|x86.Build.0 = Debug|Any CPU
		{1616F60E-CC8D-4F32-8DE1-C52EAA73C8E2}.Release|Any CPU.ActiveCfg = Release|Any CPU
		{1616F60E-CC8D-4F32-8DE1-C52EAA73C8E2}.Release|Any CPU.Build.0 = Release|Any CPU
		{1616F60E-CC8D-4F32-8DE1-C52EAA73C8E2}.Release|x64.ActiveCfg = Release|Any CPU
		{1616F60E-CC8D-4F32-8DE1-C52EAA73C8E2}.Release|x64.Build.0 = Release|Any CPU
		{1616F60E-CC8D-4F32-8DE1-C52EAA73C8E2}.Release|x86.ActiveCfg = Release|Any CPU
		{1616F60E-CC8D-4F32-8DE1-C52EAA73C8E2}.Release|x86.Build.0 = Release|Any CPU
		{32C82DE4-5BB4-4998-818F-1E7A36DDC876}.Debug|Any CPU.ActiveCfg = Debug|Any CPU
		{32C82DE4-5BB4-4998-818F-1E7A36DDC876}.Debug|Any CPU.Build.0 = Debug|Any CPU
		{32C82DE4-5BB4-4998-818F-1E7A36DDC876}.Debug|x64.ActiveCfg = Debug|Any CPU
		{32C82DE4-5BB4-4998-818F-1E7A36DDC876}.Debug|x64.Build.0 = Debug|Any CPU
		{32C82DE4-5BB4-4998-818F-1E7A36DDC876}.Debug|x86.ActiveCfg = Debug|Any CPU
		{32C82DE4-5BB4-4998-818F-1E7A36DDC876}.Debug|x86.Build.0 = Debug|Any CPU
		{32C82DE4-5BB4-4998-818F-1E7A36DDC876}.Release|Any CPU.ActiveCfg = Release|Any CPU
		{32C82DE4-5BB4-4998-818F-1E7A36DDC876}.Release|Any CPU.Build.0 = Release|Any CPU
		{32C82DE4-5BB4-4998-818F-1E7A36DDC876}.Release|x64.ActiveCfg = Release|Any CPU
		{32C82DE4-5BB4-4998-818F-1E7A36DDC876}.Release|x64.Build.0 = Release|Any CPU
		{32C82DE4-5BB4-4998-818F-1E7A36DDC876}.Release|x86.ActiveCfg = Release|Any CPU
		{32C82DE4-5BB4-4998-818F-1E7A36DDC876}.Release|x86.Build.0 = Release|Any CPU
	EndGlobalSection
	GlobalSection(SolutionProperties) = preSolution
		HideSolutionNode = FALSE
	EndGlobalSection
EndGlobal
